
Microsoft Visual Studio Solution File, Format Version 12.00
# Visual Studio Version 17
VisualStudioVersion = 17.13.35931.197 d17.13
MinimumVisualStudioVersion = 10.0.40219.1
Project("{FAE04EC0-301F-11D3-BF4B-00C04F79EFBC}") = "ListaDeTarefas", "ListaDeTarefas\ListaDeTarefas.csproj", "{50FC0BEF-2B3B-48E8-B4AD-0FB11FBDD96E}"
EndProject
Global
	GlobalSection(SolutionConfigurationPlatforms) = preSolution
		Debug|Any CPU = Debug|Any CPU
		Release|Any CPU = Release|Any CPU
	EndGlobalSection
	GlobalSection(ProjectConfigurationPlatforms) = postSolution
		{50FC0BEF-2B3B-48E8-B4AD-0FB11FBDD96E}.Debug|Any CPU.ActiveCfg = Debug|Any CPU
		{50FC0BEF-2B3B-48E8-B4AD-0FB11FBDD96E}.Debug|Any CPU.Build.0 = Debug|Any CPU
		{50FC0BEF-2B3B-48E8-B4AD-0FB11FBDD96E}.Release|Any CPU.ActiveCfg = Release|Any CPU
		{50FC0BEF-2B3B-48E8-B4AD-0FB11FBDD96E}.Release|Any CPU.Build.0 = Release|Any CPU
	EndGlobalSection
	GlobalSection(SolutionProperties) = preSolution
		HideSolutionNode = FALSE
	EndGlobalSection
	GlobalSection(ExtensibilityGlobals) = postSolution
		SolutionGuid = {93821EBE-B09B-4AFC-89F8-4E6B85E4E5BE}
	EndGlobalSection
EndGlobal
